// !$*UTF8*$!
{
	archiveVersion = 1;
	classes = {
	};
	objectVersion = 56;
	objects = {

/* Begin PBXBuildFile section */
		75117B7A86307B367F2B55FD /* Pods_bingball.framework in Frameworks */ = {isa = PBXBuildFile; fileRef = 7075DDC96A49B123372E75C0 /* Pods_bingball.framework */; };
		C7D22E0AE4517DAD527E859C /* Pods_bingballTests.framework in Frameworks */ = {isa = PBXBuildFile; fileRef = 8FBC66D9A60780044C1433EC /* Pods_bingballTests.framework */; };
		E46064852AA800E1008F4BCE /* bingballApp.swift in Sources */ = {isa = PBXBuildFile; fileRef = E4ED73482AA69E1E003E1B11 /* bingballApp.swift */; };
		E46064872AA800E1008F4BCE /* Pods_bingball.framework in Frameworks */ = {isa = PBXBuildFile; fileRef = 7075DDC96A49B123372E75C0 /* Pods_bingball.framework */; };
		E46064892AA800E1008F4BCE /* Preview Assets.xcassets in Resources */ = {isa = PBXBuildFile; fileRef = E4ED734F2AA69E1F003E1B11 /* Preview Assets.xcassets */; };
		E460648A2AA800E1008F4BCE /* Assets.xcassets in Resources */ = {isa = PBXBuildFile; fileRef = E4ED734C2AA69E1F003E1B11 /* Assets.xcassets */; };
		E4B456582AB12F5F0060C537 /* NavigationController.swift in Sources */ = {isa = PBXBuildFile; fileRef = E4B456572AB12F5F0060C537 /* NavigationController.swift */; };
		E4B456592AB12F5F0060C537 /* NavigationController.swift in Sources */ = {isa = PBXBuildFile; fileRef = E4B456572AB12F5F0060C537 /* NavigationController.swift */; };
		E4B456622AB130F70060C537 /* MainView.swift in Sources */ = {isa = PBXBuildFile; fileRef = E4B456612AB130F70060C537 /* MainView.swift */; };
		E4B456632AB130F70060C537 /* MainView.swift in Sources */ = {isa = PBXBuildFile; fileRef = E4B456612AB130F70060C537 /* MainView.swift */; };
		E4B4566B2AB139AA0060C537 /* SplashScreen.swift in Sources */ = {isa = PBXBuildFile; fileRef = E4B4566A2AB139AA0060C537 /* SplashScreen.swift */; };
		E4B4566C2AB139AA0060C537 /* SplashScreen.swift in Sources */ = {isa = PBXBuildFile; fileRef = E4B4566A2AB139AA0060C537 /* SplashScreen.swift */; };
		E4B4566E2AB13ACC0060C537 /* Appearance.swift in Sources */ = {isa = PBXBuildFile; fileRef = E4B4566D2AB13ACC0060C537 /* Appearance.swift */; };
		E4B4566F2AB13ACC0060C537 /* Appearance.swift in Sources */ = {isa = PBXBuildFile; fileRef = E4B4566D2AB13ACC0060C537 /* Appearance.swift */; };
		E4B456742AB13E1D0060C537 /* Color.swift in Sources */ = {isa = PBXBuildFile; fileRef = E4B456732AB13E1D0060C537 /* Color.swift */; };
		E4B456752AB13E1D0060C537 /* Color.swift in Sources */ = {isa = PBXBuildFile; fileRef = E4B456732AB13E1D0060C537 /* Color.swift */; };
		E4D12CD82AA80B710046E790 /* env.swift in Sources */ = {isa = PBXBuildFile; fileRef = E4D12CD72AA80B710046E790 /* env.swift */; };
		E4D12CD92AA80B710046E790 /* env.swift in Sources */ = {isa = PBXBuildFile; fileRef = E4D12CD72AA80B710046E790 /* env.swift */; };
		E4ED73492AA69E1E003E1B11 /* bingballApp.swift in Sources */ = {isa = PBXBuildFile; fileRef = E4ED73482AA69E1E003E1B11 /* bingballApp.swift */; };
		E4ED734D2AA69E1F003E1B11 /* Assets.xcassets in Resources */ = {isa = PBXBuildFile; fileRef = E4ED734C2AA69E1F003E1B11 /* Assets.xcassets */; };
		E4ED73502AA69E1F003E1B11 /* Preview Assets.xcassets in Resources */ = {isa = PBXBuildFile; fileRef = E4ED734F2AA69E1F003E1B11 /* Preview Assets.xcassets */; };
		E4ED735A2AA69E1F003E1B11 /* bingballTests.swift in Sources */ = {isa = PBXBuildFile; fileRef = E4ED73592AA69E1F003E1B11 /* bingballTests.swift */; };
		E4ED73642AA69E1F003E1B11 /* bingballUITests.swift in Sources */ = {isa = PBXBuildFile; fileRef = E4ED73632AA69E1F003E1B11 /* bingballUITests.swift */; };
		E4ED73662AA69E1F003E1B11 /* bingballUITestsLaunchTests.swift in Sources */ = {isa = PBXBuildFile; fileRef = E4ED73652AA69E1F003E1B11 /* bingballUITestsLaunchTests.swift */; };
		EC364AA6E14B5731C1D38193 /* Pods_bingball_bingballUITests.framework in Frameworks */ = {isa = PBXBuildFile; fileRef = 8F3BCAF918E23E026C06D4EF /* Pods_bingball_bingballUITests.framework */; };
/* End PBXBuildFile section */

/* Begin PBXContainerItemProxy section */
		E4ED73562AA69E1F003E1B11 /* PBXContainerItemProxy */ = {
			isa = PBXContainerItemProxy;
			containerPortal = E4ED733D2AA69E1E003E1B11 /* Project object */;
			proxyType = 1;
			remoteGlobalIDString = E4ED73442AA69E1E003E1B11;
			remoteInfo = bingball;
		};
		E4ED73602AA69E1F003E1B11 /* PBXContainerItemProxy */ = {
			isa = PBXContainerItemProxy;
			containerPortal = E4ED733D2AA69E1E003E1B11 /* Project object */;
			proxyType = 1;
			remoteGlobalIDString = E4ED73442AA69E1E003E1B11;
			remoteInfo = bingball;
		};
/* End PBXContainerItemProxy section */

/* Begin PBXFileReference section */
		0A03C59ACEB8A065F7C41358 /* Pods-bingball-bingballUITests.debug.xcconfig */ = {isa = PBXFileReference; includeInIndex = 1; lastKnownFileType = text.xcconfig; name = "Pods-bingball-bingballUITests.debug.xcconfig"; path = "Target Support Files/Pods-bingball-bingballUITests/Pods-bingball-bingballUITests.debug.xcconfig"; sourceTree = "<group>"; };
		1154C1F5F51062867A2936D2 /* Pods-bingballTests.release.xcconfig */ = {isa = PBXFileReference; includeInIndex = 1; lastKnownFileType = text.xcconfig; name = "Pods-bingballTests.release.xcconfig"; path = "Target Support Files/Pods-bingballTests/Pods-bingballTests.release.xcconfig"; sourceTree = "<group>"; };
		23296C8DA7F4126CBE9C3E58 /* Pods-bingball.release.xcconfig */ = {isa = PBXFileReference; includeInIndex = 1; lastKnownFileType = text.xcconfig; name = "Pods-bingball.release.xcconfig"; path = "Target Support Files/Pods-bingball/Pods-bingball.release.xcconfig"; sourceTree = "<group>"; };
		7075DDC96A49B123372E75C0 /* Pods_bingball.framework */ = {isa = PBXFileReference; explicitFileType = wrapper.framework; includeInIndex = 0; path = Pods_bingball.framework; sourceTree = BUILT_PRODUCTS_DIR; };
		8F3BCAF918E23E026C06D4EF /* Pods_bingball_bingballUITests.framework */ = {isa = PBXFileReference; explicitFileType = wrapper.framework; includeInIndex = 0; path = Pods_bingball_bingballUITests.framework; sourceTree = BUILT_PRODUCTS_DIR; };
		8FBC66D9A60780044C1433EC /* Pods_bingballTests.framework */ = {isa = PBXFileReference; explicitFileType = wrapper.framework; includeInIndex = 0; path = Pods_bingballTests.framework; sourceTree = BUILT_PRODUCTS_DIR; };
		C202D65163A53B05F0DD4E9B /* Pods-bingballTests.debug.xcconfig */ = {isa = PBXFileReference; includeInIndex = 1; lastKnownFileType = text.xcconfig; name = "Pods-bingballTests.debug.xcconfig"; path = "Target Support Files/Pods-bingballTests/Pods-bingballTests.debug.xcconfig"; sourceTree = "<group>"; };
		D0BEDEF8B712CEA5D2D13678 /* Pods-bingball-bingballUITests.release.xcconfig */ = {isa = PBXFileReference; includeInIndex = 1; lastKnownFileType = text.xcconfig; name = "Pods-bingball-bingballUITests.release.xcconfig"; path = "Target Support Files/Pods-bingball-bingballUITests/Pods-bingball-bingballUITests.release.xcconfig"; sourceTree = "<group>"; };
		D47A1D8FAE39B139F704A2CA /* Pods-bingball.debug.xcconfig */ = {isa = PBXFileReference; includeInIndex = 1; lastKnownFileType = text.xcconfig; name = "Pods-bingball.debug.xcconfig"; path = "Target Support Files/Pods-bingball/Pods-bingball.debug.xcconfig"; sourceTree = "<group>"; };
		E460648E2AA800E1008F4BCE /* bingball-dev.app */ = {isa = PBXFileReference; explicitFileType = wrapper.application; includeInIndex = 0; path = "bingball-dev.app"; sourceTree = BUILT_PRODUCTS_DIR; };
		E460648F2AA80455008F4BCE /* Info.plist */ = {isa = PBXFileReference; lastKnownFileType = text.plist; path = Info.plist; sourceTree = "<group>"; };
		E46064902AA8047E008F4BCE /* Info-dev.plist */ = {isa = PBXFileReference; lastKnownFileType = text.plist.xml; path = "Info-dev.plist"; sourceTree = "<group>"; };
		E4B456572AB12F5F0060C537 /* NavigationController.swift */ = {isa = PBXFileReference; lastKnownFileType = sourcecode.swift; path = NavigationController.swift; sourceTree = "<group>"; };
		E4B456612AB130F70060C537 /* MainView.swift */ = {isa = PBXFileReference; lastKnownFileType = sourcecode.swift; path = MainView.swift; sourceTree = "<group>"; };
		E4B4566A2AB139AA0060C537 /* SplashScreen.swift */ = {isa = PBXFileReference; lastKnownFileType = sourcecode.swift; path = SplashScreen.swift; sourceTree = "<group>"; };
		E4B4566D2AB13ACC0060C537 /* Appearance.swift */ = {isa = PBXFileReference; lastKnownFileType = sourcecode.swift; path = Appearance.swift; sourceTree = "<group>"; };
		E4B456732AB13E1D0060C537 /* Color.swift */ = {isa = PBXFileReference; lastKnownFileType = sourcecode.swift; path = Color.swift; sourceTree = "<group>"; };
		E4D12CD72AA80B710046E790 /* env.swift */ = {isa = PBXFileReference; lastKnownFileType = sourcecode.swift; path = env.swift; sourceTree = "<group>"; };
		E4ED73452AA69E1E003E1B11 /* bingball.app */ = {isa = PBXFileReference; explicitFileType = wrapper.application; includeInIndex = 0; path = bingball.app; sourceTree = BUILT_PRODUCTS_DIR; };
		E4ED73482AA69E1E003E1B11 /* bingballApp.swift */ = {isa = PBXFileReference; lastKnownFileType = sourcecode.swift; path = bingballApp.swift; sourceTree = "<group>"; };
		E4ED734C2AA69E1F003E1B11 /* Assets.xcassets */ = {isa = PBXFileReference; lastKnownFileType = folder.assetcatalog; path = Assets.xcassets; sourceTree = "<group>"; };
		E4ED734F2AA69E1F003E1B11 /* Preview Assets.xcassets */ = {isa = PBXFileReference; lastKnownFileType = folder.assetcatalog; path = "Preview Assets.xcassets"; sourceTree = "<group>"; };
		E4ED73552AA69E1F003E1B11 /* bingballTests.xctest */ = {isa = PBXFileReference; explicitFileType = wrapper.cfbundle; includeInIndex = 0; path = bingballTests.xctest; sourceTree = BUILT_PRODUCTS_DIR; };
		E4ED73592AA69E1F003E1B11 /* bingballTests.swift */ = {isa = PBXFileReference; lastKnownFileType = sourcecode.swift; path = bingballTests.swift; sourceTree = "<group>"; };
		E4ED735F2AA69E1F003E1B11 /* bingballUITests.xctest */ = {isa = PBXFileReference; explicitFileType = wrapper.cfbundle; includeInIndex = 0; path = bingballUITests.xctest; sourceTree = BUILT_PRODUCTS_DIR; };
		E4ED73632AA69E1F003E1B11 /* bingballUITests.swift */ = {isa = PBXFileReference; lastKnownFileType = sourcecode.swift; path = bingballUITests.swift; sourceTree = "<group>"; };
		E4ED73652AA69E1F003E1B11 /* bingballUITestsLaunchTests.swift */ = {isa = PBXFileReference; lastKnownFileType = sourcecode.swift; path = bingballUITestsLaunchTests.swift; sourceTree = "<group>"; };
/* End PBXFileReference section */

/* Begin PBXFrameworksBuildPhase section */
		E46064862AA800E1008F4BCE /* Frameworks */ = {
			isa = PBXFrameworksBuildPhase;
			buildActionMask = 2147483647;
			files = (
				E46064872AA800E1008F4BCE /* Pods_bingball.framework in Frameworks */,
			);
			runOnlyForDeploymentPostprocessing = 0;
		};
		E4ED73422AA69E1E003E1B11 /* Frameworks */ = {
			isa = PBXFrameworksBuildPhase;
			buildActionMask = 2147483647;
			files = (
				75117B7A86307B367F2B55FD /* Pods_bingball.framework in Frameworks */,
			);
			runOnlyForDeploymentPostprocessing = 0;
		};
		E4ED73522AA69E1F003E1B11 /* Frameworks */ = {
			isa = PBXFrameworksBuildPhase;
			buildActionMask = 2147483647;
			files = (
				C7D22E0AE4517DAD527E859C /* Pods_bingballTests.framework in Frameworks */,
			);
			runOnlyForDeploymentPostprocessing = 0;
		};
		E4ED735C2AA69E1F003E1B11 /* Frameworks */ = {
			isa = PBXFrameworksBuildPhase;
			buildActionMask = 2147483647;
			files = (
				EC364AA6E14B5731C1D38193 /* Pods_bingball_bingballUITests.framework in Frameworks */,
			);
			runOnlyForDeploymentPostprocessing = 0;
		};
/* End PBXFrameworksBuildPhase section */

/* Begin PBXGroup section */
		78C9FB7A9E3E383E927A3243 /* Frameworks */ = {
			isa = PBXGroup;
			children = (
				7075DDC96A49B123372E75C0 /* Pods_bingball.framework */,
				8F3BCAF918E23E026C06D4EF /* Pods_bingball_bingballUITests.framework */,
				8FBC66D9A60780044C1433EC /* Pods_bingballTests.framework */,
			);
			name = Frameworks;
			sourceTree = "<group>";
		};
		93224E0BCD3BF54132B008A9 /* Pods */ = {
			isa = PBXGroup;
			children = (
				D47A1D8FAE39B139F704A2CA /* Pods-bingball.debug.xcconfig */,
				23296C8DA7F4126CBE9C3E58 /* Pods-bingball.release.xcconfig */,
				0A03C59ACEB8A065F7C41358 /* Pods-bingball-bingballUITests.debug.xcconfig */,
				D0BEDEF8B712CEA5D2D13678 /* Pods-bingball-bingballUITests.release.xcconfig */,
				C202D65163A53B05F0DD4E9B /* Pods-bingballTests.debug.xcconfig */,
				1154C1F5F51062867A2936D2 /* Pods-bingballTests.release.xcconfig */,
			);
			path = Pods;
			sourceTree = "<group>";
		};
		E42967AE2AA94BA400495047 /* Extension */ = {
			isa = PBXGroup;
			children = (
				E4B4566D2AB13ACC0060C537 /* Appearance.swift */,
			);
			path = Extension;
			sourceTree = "<group>";
		};
		E4B456542AB12E930060C537 /* Controller */ = {
			isa = PBXGroup;
			children = (
				E4B456572AB12F5F0060C537 /* NavigationController.swift */,
			);
			path = Controller;
			sourceTree = "<group>";
		};
		E4B456552AB12EB00060C537 /* View */ = {
			isa = PBXGroup;
			children = (
				E4B456602AB130DE0060C537 /* MainView */,
			);
			path = View;
			sourceTree = "<group>";
		};
		E4B456562AB12EC00060C537 /* Model */ = {
			isa = PBXGroup;
			children = (
			);
			path = Model;
			sourceTree = "<group>";
		};
		E4B456602AB130DE0060C537 /* MainView */ = {
			isa = PBXGroup;
			children = (
				E4B456642AB131080060C537 /* Component */,
				E4B456612AB130F70060C537 /* MainView.swift */,
			);
			path = MainView;
			sourceTree = "<group>";
		};
		E4B456642AB131080060C537 /* Component */ = {
			isa = PBXGroup;
			children = (
			);
			path = Component;
			sourceTree = "<group>";
		};
		E4B456652AB1394C0060C537 /* Assets */ = {
			isa = PBXGroup;
			children = (
				E4B456662AB139560060C537 /* SplashScreen */,
			);
			path = Assets;
			sourceTree = "<group>";
		};
		E4B456662AB139560060C537 /* SplashScreen */ = {
			isa = PBXGroup;
			children = (
				E4B4566A2AB139AA0060C537 /* SplashScreen.swift */,
			);
			path = SplashScreen;
			sourceTree = "<group>";
		};
		E4D12CD32AA80B1F0046E790 /* Constant */ = {
			isa = PBXGroup;
			children = (
				E4D12CD72AA80B710046E790 /* env.swift */,
			);
			path = Constant;
			sourceTree = "<group>";
		};
		E4ED733C2AA69E1E003E1B11 = {
			isa = PBXGroup;
			children = (
				E46064902AA8047E008F4BCE /* Info-dev.plist */,
				E4ED73472AA69E1E003E1B11 /* bingball */,
				E4ED73582AA69E1F003E1B11 /* bingballTests */,
				E4ED73622AA69E1F003E1B11 /* bingballUITests */,
				E4ED73462AA69E1E003E1B11 /* Products */,
				93224E0BCD3BF54132B008A9 /* Pods */,
				78C9FB7A9E3E383E927A3243 /* Frameworks */,
			);
			sourceTree = "<group>";
		};
		E4ED73462AA69E1E003E1B11 /* Products */ = {
			isa = PBXGroup;
			children = (
				E4ED73452AA69E1E003E1B11 /* bingball.app */,
				E4ED73552AA69E1F003E1B11 /* bingballTests.xctest */,
				E4ED735F2AA69E1F003E1B11 /* bingballUITests.xctest */,
				E460648E2AA800E1008F4BCE /* bingball-dev.app */,
			);
			name = Products;
			sourceTree = "<group>";
		};
		E4ED73472AA69E1E003E1B11 /* bingball */ = {
			isa = PBXGroup;
			children = (
				E4B456652AB1394C0060C537 /* Assets */,
				E4B456562AB12EC00060C537 /* Model */,
				E4B456552AB12EB00060C537 /* View */,
				E4B456542AB12E930060C537 /* Controller */,
				E42967AE2AA94BA400495047 /* Extension */,
				E4D12CD32AA80B1F0046E790 /* Constant */,
				E460648F2AA80455008F4BCE /* Info.plist */,
				E4ED73482AA69E1E003E1B11 /* bingballApp.swift */,
				E4ED734C2AA69E1F003E1B11 /* Assets.xcassets */,
				E4ED734E2AA69E1F003E1B11 /* Preview Content */,
				E4B456732AB13E1D0060C537 /* Color.swift */,
			);
			path = bingball;
			sourceTree = "<group>";
		};
		E4ED734E2AA69E1F003E1B11 /* Preview Content */ = {
			isa = PBXGroup;
			children = (
				E4ED734F2AA69E1F003E1B11 /* Preview Assets.xcassets */,
			);
			path = "Preview Content";
			sourceTree = "<group>";
		};
		E4ED73582AA69E1F003E1B11 /* bingballTests */ = {
			isa = PBXGroup;
			children = (
				E4ED73592AA69E1F003E1B11 /* bingballTests.swift */,
			);
			path = bingballTests;
			sourceTree = "<group>";
		};
		E4ED73622AA69E1F003E1B11 /* bingballUITests */ = {
			isa = PBXGroup;
			children = (
				E4ED73632AA69E1F003E1B11 /* bingballUITests.swift */,
				E4ED73652AA69E1F003E1B11 /* bingballUITestsLaunchTests.swift */,
			);
			path = bingballUITests;
			sourceTree = "<group>";
		};
/* End PBXGroup section */

/* Begin PBXNativeTarget section */
		E46064812AA800E1008F4BCE /* bingball-dev */ = {
			isa = PBXNativeTarget;
			buildConfigurationList = E460648B2AA800E1008F4BCE /* Build configuration list for PBXNativeTarget "bingball-dev" */;
			buildPhases = (
				E46064822AA800E1008F4BCE /* [CP] Check Pods Manifest.lock */,
				E46064832AA800E1008F4BCE /* Sources */,
				E46064862AA800E1008F4BCE /* Frameworks */,
				E46064882AA800E1008F4BCE /* Resources */,
			);
			buildRules = (
			);
			dependencies = (
			);
			name = "bingball-dev";
			productName = bingball;
			productReference = E460648E2AA800E1008F4BCE /* bingball-dev.app */;
			productType = "com.apple.product-type.application";
		};
		E4ED73442AA69E1E003E1B11 /* bingball */ = {
			isa = PBXNativeTarget;
			buildConfigurationList = E4ED73692AA69E1F003E1B11 /* Build configuration list for PBXNativeTarget "bingball" */;
			buildPhases = (
				A6B7C38DB0CCE39FE76D6FB6 /* [CP] Check Pods Manifest.lock */,
				E4ED73412AA69E1E003E1B11 /* Sources */,
				E4ED73422AA69E1E003E1B11 /* Frameworks */,
				E4ED73432AA69E1E003E1B11 /* Resources */,
			);
			buildRules = (
			);
			dependencies = (
			);
			name = bingball;
			productName = bingball;
			productReference = E4ED73452AA69E1E003E1B11 /* bingball.app */;
			productType = "com.apple.product-type.application";
		};
		E4ED73542AA69E1F003E1B11 /* bingballTests */ = {
			isa = PBXNativeTarget;
			buildConfigurationList = E4ED736C2AA69E1F003E1B11 /* Build configuration list for PBXNativeTarget "bingballTests" */;
			buildPhases = (
				20EA3BEDA7B63BBF2AEA066B /* [CP] Check Pods Manifest.lock */,
				E4ED73512AA69E1F003E1B11 /* Sources */,
				E4ED73522AA69E1F003E1B11 /* Frameworks */,
				E4ED73532AA69E1F003E1B11 /* Resources */,
			);
			buildRules = (
			);
			dependencies = (
				E4ED73572AA69E1F003E1B11 /* PBXTargetDependency */,
			);
			name = bingballTests;
			productName = bingballTests;
			productReference = E4ED73552AA69E1F003E1B11 /* bingballTests.xctest */;
			productType = "com.apple.product-type.bundle.unit-test";
		};
		E4ED735E2AA69E1F003E1B11 /* bingballUITests */ = {
			isa = PBXNativeTarget;
			buildConfigurationList = E4ED736F2AA69E1F003E1B11 /* Build configuration list for PBXNativeTarget "bingballUITests" */;
			buildPhases = (
				7FAAF2E4DDB73DA2BE5AA0AE /* [CP] Check Pods Manifest.lock */,
				E4ED735B2AA69E1F003E1B11 /* Sources */,
				E4ED735C2AA69E1F003E1B11 /* Frameworks */,
				E4ED735D2AA69E1F003E1B11 /* Resources */,
			);
			buildRules = (
			);
			dependencies = (
				E4ED73612AA69E1F003E1B11 /* PBXTargetDependency */,
			);
			name = bingballUITests;
			productName = bingballUITests;
			productReference = E4ED735F2AA69E1F003E1B11 /* bingballUITests.xctest */;
			productType = "com.apple.product-type.bundle.ui-testing";
		};
/* End PBXNativeTarget section */

/* Begin PBXProject section */
		E4ED733D2AA69E1E003E1B11 /* Project object */ = {
			isa = PBXProject;
			attributes = {
				BuildIndependentTargetsInParallel = 1;
				LastSwiftUpdateCheck = 1410;
				LastUpgradeCheck = 1410;
				TargetAttributes = {
					E4ED73442AA69E1E003E1B11 = {
						CreatedOnToolsVersion = 14.1;
					};
					E4ED73542AA69E1F003E1B11 = {
						CreatedOnToolsVersion = 14.1;
						TestTargetID = E4ED73442AA69E1E003E1B11;
					};
					E4ED735E2AA69E1F003E1B11 = {
						CreatedOnToolsVersion = 14.1;
						TestTargetID = E4ED73442AA69E1E003E1B11;
					};
				};
			};
			buildConfigurationList = E4ED73402AA69E1E003E1B11 /* Build configuration list for PBXProject "bingball" */;
			compatibilityVersion = "Xcode 14.0";
			developmentRegion = en;
			hasScannedForEncodings = 0;
			knownRegions = (
				en,
				Base,
			);
			mainGroup = E4ED733C2AA69E1E003E1B11;
			productRefGroup = E4ED73462AA69E1E003E1B11 /* Products */;
			projectDirPath = "";
			projectRoot = "";
			targets = (
				E4ED73442AA69E1E003E1B11 /* bingball */,
				E46064812AA800E1008F4BCE /* bingball-dev */,
				E4ED73542AA69E1F003E1B11 /* bingballTests */,
				E4ED735E2AA69E1F003E1B11 /* bingballUITests */,
			);
		};
/* End PBXProject section */

/* Begin PBXResourcesBuildPhase section */
		E46064882AA800E1008F4BCE /* Resources */ = {
			isa = PBXResourcesBuildPhase;
			buildActionMask = 2147483647;
			files = (
				E46064892AA800E1008F4BCE /* Preview Assets.xcassets in Resources */,
				E460648A2AA800E1008F4BCE /* Assets.xcassets in Resources */,
			);
			runOnlyForDeploymentPostprocessing = 0;
		};
		E4ED73432AA69E1E003E1B11 /* Resources */ = {
			isa = PBXResourcesBuildPhase;
			buildActionMask = 2147483647;
			files = (
				E4ED73502AA69E1F003E1B11 /* Preview Assets.xcassets in Resources */,
				E4ED734D2AA69E1F003E1B11 /* Assets.xcassets in Resources */,
			);
			runOnlyForDeploymentPostprocessing = 0;
		};
		E4ED73532AA69E1F003E1B11 /* Resources */ = {
			isa = PBXResourcesBuildPhase;
			buildActionMask = 2147483647;
			files = (
			);
			runOnlyForDeploymentPostprocessing = 0;
		};
		E4ED735D2AA69E1F003E1B11 /* Resources */ = {
			isa = PBXResourcesBuildPhase;
			buildActionMask = 2147483647;
			files = (
			);
			runOnlyForDeploymentPostprocessing = 0;
		};
/* End PBXResourcesBuildPhase section */

/* Begin PBXShellScriptBuildPhase section */
		20EA3BEDA7B63BBF2AEA066B /* [CP] Check Pods Manifest.lock */ = {
			isa = PBXShellScriptBuildPhase;
			buildActionMask = 2147483647;
			files = (
			);
			inputFileListPaths = (
			);
			inputPaths = (
				"${PODS_PODFILE_DIR_PATH}/Podfile.lock",
				"${PODS_ROOT}/Manifest.lock",
			);
			name = "[CP] Check Pods Manifest.lock";
			outputFileListPaths = (
			);
			outputPaths = (
				"$(DERIVED_FILE_DIR)/Pods-bingballTests-checkManifestLockResult.txt",
			);
			runOnlyForDeploymentPostprocessing = 0;
			shellPath = /bin/sh;
			shellScript = "diff \"${PODS_PODFILE_DIR_PATH}/Podfile.lock\" \"${PODS_ROOT}/Manifest.lock\" > /dev/null\nif [ $? != 0 ] ; then\n    # print error to STDERR\n    echo \"error: The sandbox is not in sync with the Podfile.lock. Run 'pod install' or update your CocoaPods installation.\" >&2\n    exit 1\nfi\n# This output is used by Xcode 'outputs' to avoid re-running this script phase.\necho \"SUCCESS\" > \"${SCRIPT_OUTPUT_FILE_0}\"\n";
			showEnvVarsInLog = 0;
		};
		7FAAF2E4DDB73DA2BE5AA0AE /* [CP] Check Pods Manifest.lock */ = {
			isa = PBXShellScriptBuildPhase;
			buildActionMask = 2147483647;
			files = (
			);
			inputFileListPaths = (
			);
			inputPaths = (
				"${PODS_PODFILE_DIR_PATH}/Podfile.lock",
				"${PODS_ROOT}/Manifest.lock",
			);
			name = "[CP] Check Pods Manifest.lock";
			outputFileListPaths = (
			);
			outputPaths = (
				"$(DERIVED_FILE_DIR)/Pods-bingball-bingballUITests-checkManifestLockResult.txt",
			);
			runOnlyForDeploymentPostprocessing = 0;
			shellPath = /bin/sh;
			shellScript = "diff \"${PODS_PODFILE_DIR_PATH}/Podfile.lock\" \"${PODS_ROOT}/Manifest.lock\" > /dev/null\nif [ $? != 0 ] ; then\n    # print error to STDERR\n    echo \"error: The sandbox is not in sync with the Podfile.lock. Run 'pod install' or update your CocoaPods installation.\" >&2\n    exit 1\nfi\n# This output is used by Xcode 'outputs' to avoid re-running this script phase.\necho \"SUCCESS\" > \"${SCRIPT_OUTPUT_FILE_0}\"\n";
			showEnvVarsInLog = 0;
		};
		A6B7C38DB0CCE39FE76D6FB6 /* [CP] Check Pods Manifest.lock */ = {
			isa = PBXShellScriptBuildPhase;
			buildActionMask = 2147483647;
			files = (
			);
			inputFileListPaths = (
			);
			inputPaths = (
				"${PODS_PODFILE_DIR_PATH}/Podfile.lock",
				"${PODS_ROOT}/Manifest.lock",
			);
			name = "[CP] Check Pods Manifest.lock";
			outputFileListPaths = (
			);
			outputPaths = (
				"$(DERIVED_FILE_DIR)/Pods-bingball-checkManifestLockResult.txt",
			);
			runOnlyForDeploymentPostprocessing = 0;
			shellPath = /bin/sh;
			shellScript = "diff \"${PODS_PODFILE_DIR_PATH}/Podfile.lock\" \"${PODS_ROOT}/Manifest.lock\" > /dev/null\nif [ $? != 0 ] ; then\n    # print error to STDERR\n    echo \"error: The sandbox is not in sync with the Podfile.lock. Run 'pod install' or update your CocoaPods installation.\" >&2\n    exit 1\nfi\n# This output is used by Xcode 'outputs' to avoid re-running this script phase.\necho \"SUCCESS\" > \"${SCRIPT_OUTPUT_FILE_0}\"\n";
			showEnvVarsInLog = 0;
		};
		E46064822AA800E1008F4BCE /* [CP] Check Pods Manifest.lock */ = {
			isa = PBXShellScriptBuildPhase;
			buildActionMask = 2147483647;
			files = (
			);
			inputFileListPaths = (
			);
			inputPaths = (
				"${PODS_PODFILE_DIR_PATH}/Podfile.lock",
				"${PODS_ROOT}/Manifest.lock",
			);
			name = "[CP] Check Pods Manifest.lock";
			outputFileListPaths = (
			);
			outputPaths = (
				"$(DERIVED_FILE_DIR)/Pods-bingball-checkManifestLockResult.txt",
			);
			runOnlyForDeploymentPostprocessing = 0;
			shellPath = /bin/sh;
			shellScript = "diff \"${PODS_PODFILE_DIR_PATH}/Podfile.lock\" \"${PODS_ROOT}/Manifest.lock\" > /dev/null\nif [ $? != 0 ] ; then\n    # print error to STDERR\n    echo \"error: The sandbox is not in sync with the Podfile.lock. Run 'pod install' or update your CocoaPods installation.\" >&2\n    exit 1\nfi\n# This output is used by Xcode 'outputs' to avoid re-running this script phase.\necho \"SUCCESS\" > \"${SCRIPT_OUTPUT_FILE_0}\"\n";
			showEnvVarsInLog = 0;
		};
/* End PBXShellScriptBuildPhase section */

/* Begin PBXSourcesBuildPhase section */
		E46064832AA800E1008F4BCE /* Sources */ = {
			isa = PBXSourcesBuildPhase;
			buildActionMask = 2147483647;
			files = (
				E4B4566C2AB139AA0060C537 /* SplashScreen.swift in Sources */,
				E4B4566F2AB13ACC0060C537 /* Appearance.swift in Sources */,
				E4B456752AB13E1D0060C537 /* Color.swift in Sources */,
				E4B456592AB12F5F0060C537 /* NavigationController.swift in Sources */,
				E46064852AA800E1008F4BCE /* bingballApp.swift in Sources */,
				E4D12CD92AA80B710046E790 /* env.swift in Sources */,
				E4B456632AB130F70060C537 /* MainView.swift in Sources */,
			);
			runOnlyForDeploymentPostprocessing = 0;
		};
		E4ED73412AA69E1E003E1B11 /* Sources */ = {
			isa = PBXSourcesBuildPhase;
			buildActionMask = 2147483647;
			files = (
				E4B4566B2AB139AA0060C537 /* SplashScreen.swift in Sources */,
				E4B4566E2AB13ACC0060C537 /* Appearance.swift in Sources */,
				E4B456742AB13E1D0060C537 /* Color.swift in Sources */,
				E4B456582AB12F5F0060C537 /* NavigationController.swift in Sources */,
				E4ED73492AA69E1E003E1B11 /* bingballApp.swift in Sources */,
				E4D12CD82AA80B710046E790 /* env.swift in Sources */,
				E4B456622AB130F70060C537 /* MainView.swift in Sources */,
			);
			runOnlyForDeploymentPostprocessing = 0;
		};
		E4ED73512AA69E1F003E1B11 /* Sources */ = {
			isa = PBXSourcesBuildPhase;
			buildActionMask = 2147483647;
			files = (
				E4ED735A2AA69E1F003E1B11 /* bingballTests.swift in Sources */,
			);
			runOnlyForDeploymentPostprocessing = 0;
		};
		E4ED735B2AA69E1F003E1B11 /* Sources */ = {
			isa = PBXSourcesBuildPhase;
			buildActionMask = 2147483647;
			files = (
				E4ED73662AA69E1F003E1B11 /* bingballUITestsLaunchTests.swift in Sources */,
				E4ED73642AA69E1F003E1B11 /* bingballUITests.swift in Sources */,
			);
			runOnlyForDeploymentPostprocessing = 0;
		};
/* End PBXSourcesBuildPhase section */

/* Begin PBXTargetDependency section */
		E4ED73572AA69E1F003E1B11 /* PBXTargetDependency */ = {
			isa = PBXTargetDependency;
			target = E4ED73442AA69E1E003E1B11 /* bingball */;
			targetProxy = E4ED73562AA69E1F003E1B11 /* PBXContainerItemProxy */;
		};
		E4ED73612AA69E1F003E1B11 /* PBXTargetDependency */ = {
			isa = PBXTargetDependency;
			target = E4ED73442AA69E1E003E1B11 /* bingball */;
			targetProxy = E4ED73602AA69E1F003E1B11 /* PBXContainerItemProxy */;
		};
/* End PBXTargetDependency section */

/* Begin XCBuildConfiguration section */
		E460648C2AA800E1008F4BCE /* Debug */ = {
			isa = XCBuildConfiguration;
			baseConfigurationReference = D47A1D8FAE39B139F704A2CA /* Pods-bingball.debug.xcconfig */;
			buildSettings = {
				ASSETCATALOG_COMPILER_APPICON_NAME = AppIcon;
				ASSETCATALOG_COMPILER_GLOBAL_ACCENT_COLOR_NAME = AccentColor;
				CODE_SIGN_STYLE = Automatic;
				CURRENT_PROJECT_VERSION = 1;
				DEVELOPMENT_ASSET_PATHS = "\"bingball/Preview Content\"";
				ENABLE_PREVIEWS = YES;
				GENERATE_INFOPLIST_FILE = YES;
				INFOPLIST_FILE = "info-dev.plist";
				INFOPLIST_KEY_UIApplicationSceneManifest_Generation = YES;
				INFOPLIST_KEY_UIApplicationSupportsIndirectInputEvents = YES;
				INFOPLIST_KEY_UILaunchScreen_Generation = YES;
				INFOPLIST_KEY_UISupportedInterfaceOrientations_iPad = "UIInterfaceOrientationPortrait UIInterfaceOrientationPortraitUpsideDown UIInterfaceOrientationLandscapeLeft UIInterfaceOrientationLandscapeRight";
				INFOPLIST_KEY_UISupportedInterfaceOrientations_iPhone = "UIInterfaceOrientationPortrait UIInterfaceOrientationLandscapeLeft UIInterfaceOrientationLandscapeRight";
				LD_RUNPATH_SEARCH_PATHS = (
					"$(inherited)",
					"@executable_path/Frameworks",
				);
				MARKETING_VERSION = 1.0;
				PRODUCT_BUNDLE_IDENTIFIER = com.ranazang.bingball;
				PRODUCT_NAME = "$(TARGET_NAME)";
				SWIFT_EMIT_LOC_STRINGS = YES;
				SWIFT_VERSION = 5.0;
				TARGETED_DEVICE_FAMILY = "1,2";
			};
			name = Debug;
		};
		E460648D2AA800E1008F4BCE /* Release */ = {
			isa = XCBuildConfiguration;
			baseConfigurationReference = 23296C8DA7F4126CBE9C3E58 /* Pods-bingball.release.xcconfig */;
			buildSettings = {
				ASSETCATALOG_COMPILER_APPICON_NAME = AppIcon;
				ASSETCATALOG_COMPILER_GLOBAL_ACCENT_COLOR_NAME = AccentColor;
				CODE_SIGN_STYLE = Automatic;
				CURRENT_PROJECT_VERSION = 1;
				DEVELOPMENT_ASSET_PATHS = "\"bingball/Preview Content\"";
				ENABLE_PREVIEWS = YES;
				GENERATE_INFOPLIST_FILE = YES;
				INFOPLIST_FILE = "info-dev.plist";
				INFOPLIST_KEY_UIApplicationSceneManifest_Generation = YES;
				INFOPLIST_KEY_UIApplicationSupportsIndirectInputEvents = YES;
				INFOPLIST_KEY_UILaunchScreen_Generation = YES;
				INFOPLIST_KEY_UISupportedInterfaceOrientations_iPad = "UIInterfaceOrientationPortrait UIInterfaceOrientationPortraitUpsideDown UIInterfaceOrientationLandscapeLeft UIInterfaceOrientationLandscapeRight";
				INFOPLIST_KEY_UISupportedInterfaceOrientations_iPhone = "UIInterfaceOrientationPortrait UIInterfaceOrientationLandscapeLeft UIInterfaceOrientationLandscapeRight";
				LD_RUNPATH_SEARCH_PATHS = (
					"$(inherited)",
					"@executable_path/Frameworks",
				);
				MARKETING_VERSION = 1.0;
				PRODUCT_BUNDLE_IDENTIFIER = com.ranazang.bingball;
				PRODUCT_NAME = "$(TARGET_NAME)";
				SWIFT_EMIT_LOC_STRINGS = YES;
				SWIFT_VERSION = 5.0;
				TARGETED_DEVICE_FAMILY = "1,2";
			};
			name = Release;
		};
		E4ED73672AA69E1F003E1B11 /* Debug */ = {
			isa = XCBuildConfiguration;
			buildSettings = {
				ALWAYS_SEARCH_USER_PATHS = NO;
				CLANG_ANALYZER_NONNULL = YES;
				CLANG_ANALYZER_NUMBER_OBJECT_CONVERSION = YES_AGGRESSIVE;
				CLANG_CXX_LANGUAGE_STANDARD = "gnu++20";
				CLANG_ENABLE_MODULES = YES;
				CLANG_ENABLE_OBJC_ARC = YES;
				CLANG_ENABLE_OBJC_WEAK = YES;
				CLANG_WARN_BLOCK_CAPTURE_AUTORELEASING = YES;
				CLANG_WARN_BOOL_CONVERSION = YES;
				CLANG_WARN_COMMA = YES;
				CLANG_WARN_CONSTANT_CONVERSION = YES;
				CLANG_WARN_DEPRECATED_OBJC_IMPLEMENTATIONS = YES;
				CLANG_WARN_DIRECT_OBJC_ISA_USAGE = YES_ERROR;
				CLANG_WARN_DOCUMENTATION_COMMENTS = YES;
				CLANG_WARN_EMPTY_BODY = YES;
				CLANG_WARN_ENUM_CONVERSION = YES;
				CLANG_WARN_INFINITE_RECURSION = YES;
				CLANG_WARN_INT_CONVERSION = YES;
				CLANG_WARN_NON_LITERAL_NULL_CONVERSION = YES;
				CLANG_WARN_OBJC_IMPLICIT_RETAIN_SELF = YES;
				CLANG_WARN_OBJC_LITERAL_CONVERSION = YES;
				CLANG_WARN_OBJC_ROOT_CLASS = YES_ERROR;
				CLANG_WARN_QUOTED_INCLUDE_IN_FRAMEWORK_HEADER = YES;
				CLANG_WARN_RANGE_LOOP_ANALYSIS = YES;
				CLANG_WARN_STRICT_PROTOTYPES = YES;
				CLANG_WARN_SUSPICIOUS_MOVE = YES;
				CLANG_WARN_UNGUARDED_AVAILABILITY = YES_AGGRESSIVE;
				CLANG_WARN_UNREACHABLE_CODE = YES;
				CLANG_WARN__DUPLICATE_METHOD_MATCH = YES;
				COPY_PHASE_STRIP = NO;
				DEBUG_INFORMATION_FORMAT = dwarf;
				ENABLE_STRICT_OBJC_MSGSEND = YES;
				ENABLE_TESTABILITY = YES;
				GCC_C_LANGUAGE_STANDARD = gnu11;
				GCC_DYNAMIC_NO_PIC = NO;
				GCC_NO_COMMON_BLOCKS = YES;
				GCC_OPTIMIZATION_LEVEL = 0;
				GCC_PREPROCESSOR_DEFINITIONS = (
					"DEBUG=1",
					"$(inherited)",
				);
				GCC_WARN_64_TO_32_BIT_CONVERSION = YES;
				GCC_WARN_ABOUT_RETURN_TYPE = YES_ERROR;
				GCC_WARN_UNDECLARED_SELECTOR = YES;
				GCC_WARN_UNINITIALIZED_AUTOS = YES_AGGRESSIVE;
				GCC_WARN_UNUSED_FUNCTION = YES;
				GCC_WARN_UNUSED_VARIABLE = YES;
				IPHONEOS_DEPLOYMENT_TARGET = 16.1;
				MTL_ENABLE_DEBUG_INFO = INCLUDE_SOURCE;
				MTL_FAST_MATH = YES;
				ONLY_ACTIVE_ARCH = YES;
				SDKROOT = iphoneos;
				SWIFT_ACTIVE_COMPILATION_CONDITIONS = DEBUG;
				SWIFT_OPTIMIZATION_LEVEL = "-Onone";
			};
			name = Debug;
		};
		E4ED73682AA69E1F003E1B11 /* Release */ = {
			isa = XCBuildConfiguration;
			buildSettings = {
				ALWAYS_SEARCH_USER_PATHS = NO;
				CLANG_ANALYZER_NONNULL = YES;
				CLANG_ANALYZER_NUMBER_OBJECT_CONVERSION = YES_AGGRESSIVE;
				CLANG_CXX_LANGUAGE_STANDARD = "gnu++20";
				CLANG_ENABLE_MODULES = YES;
				CLANG_ENABLE_OBJC_ARC = YES;
				CLANG_ENABLE_OBJC_WEAK = YES;
				CLANG_WARN_BLOCK_CAPTURE_AUTORELEASING = YES;
				CLANG_WARN_BOOL_CONVERSION = YES;
				CLANG_WARN_COMMA = YES;
				CLANG_WARN_CONSTANT_CONVERSION = YES;
				CLANG_WARN_DEPRECATED_OBJC_IMPLEMENTATIONS = YES;
				CLANG_WARN_DIRECT_OBJC_ISA_USAGE = YES_ERROR;
				CLANG_WARN_DOCUMENTATION_COMMENTS = YES;
				CLANG_WARN_EMPTY_BODY = YES;
				CLANG_WARN_ENUM_CONVERSION = YES;
				CLANG_WARN_INFINITE_RECURSION = YES;
				CLANG_WARN_INT_CONVERSION = YES;
				CLANG_WARN_NON_LITERAL_NULL_CONVERSION = YES;
				CLANG_WARN_OBJC_IMPLICIT_RETAIN_SELF = YES;
				CLANG_WARN_OBJC_LITERAL_CONVERSION = YES;
				CLANG_WARN_OBJC_ROOT_CLASS = YES_ERROR;
				CLANG_WARN_QUOTED_INCLUDE_IN_FRAMEWORK_HEADER = YES;
				CLANG_WARN_RANGE_LOOP_ANALYSIS = YES;
				CLANG_WARN_STRICT_PROTOTYPES = YES;
				CLANG_WARN_SUSPICIOUS_MOVE = YES;
				CLANG_WARN_UNGUARDED_AVAILABILITY = YES_AGGRESSIVE;
				CLANG_WARN_UNREACHABLE_CODE = YES;
				CLANG_WARN__DUPLICATE_METHOD_MATCH = YES;
				COPY_PHASE_STRIP = NO;
				DEBUG_INFORMATION_FORMAT = "dwarf-with-dsym";
				ENABLE_NS_ASSERTIONS = NO;
				ENABLE_STRICT_OBJC_MSGSEND = YES;
				GCC_C_LANGUAGE_STANDARD = gnu11;
				GCC_NO_COMMON_BLOCKS = YES;
				GCC_WARN_64_TO_32_BIT_CONVERSION = YES;
				GCC_WARN_ABOUT_RETURN_TYPE = YES_ERROR;
				GCC_WARN_UNDECLARED_SELECTOR = YES;
				GCC_WARN_UNINITIALIZED_AUTOS = YES_AGGRESSIVE;
				GCC_WARN_UNUSED_FUNCTION = YES;
				GCC_WARN_UNUSED_VARIABLE = YES;
				IPHONEOS_DEPLOYMENT_TARGET = 16.1;
				MTL_ENABLE_DEBUG_INFO = NO;
				MTL_FAST_MATH = YES;
				SDKROOT = iphoneos;
				SWIFT_COMPILATION_MODE = wholemodule;
				SWIFT_OPTIMIZATION_LEVEL = "-O";
				VALIDATE_PRODUCT = YES;
			};
			name = Release;
		};
		E4ED736A2AA69E1F003E1B11 /* Debug */ = {
			isa = XCBuildConfiguration;
			baseConfigurationReference = D47A1D8FAE39B139F704A2CA /* Pods-bingball.debug.xcconfig */;
			buildSettings = {
				ASSETCATALOG_COMPILER_APPICON_NAME = AppIcon;
				ASSETCATALOG_COMPILER_GLOBAL_ACCENT_COLOR_NAME = AccentColor;
				CODE_SIGN_STYLE = Automatic;
				CURRENT_PROJECT_VERSION = 1;
				DEVELOPMENT_ASSET_PATHS = "\"bingball/Preview Content\"";
				ENABLE_PREVIEWS = YES;
				GENERATE_INFOPLIST_FILE = YES;
				INFOPLIST_FILE = bingball/Info.plist;
				INFOPLIST_KEY_UIApplicationSceneManifest_Generation = YES;
				INFOPLIST_KEY_UIApplicationSupportsIndirectInputEvents = YES;
				INFOPLIST_KEY_UILaunchScreen_Generation = YES;
				INFOPLIST_KEY_UISupportedInterfaceOrientations_iPad = "UIInterfaceOrientationPortrait UIInterfaceOrientationPortraitUpsideDown UIInterfaceOrientationLandscapeLeft UIInterfaceOrientationLandscapeRight";
				INFOPLIST_KEY_UISupportedInterfaceOrientations_iPhone = "UIInterfaceOrientationPortrait UIInterfaceOrientationLandscapeLeft UIInterfaceOrientationLandscapeRight";
				LD_RUNPATH_SEARCH_PATHS = (
					"$(inherited)",
					"@executable_path/Frameworks",
				);
				MARKETING_VERSION = 1.0;
				PRODUCT_BUNDLE_IDENTIFIER = com.ranazang.bingball;
				PRODUCT_NAME = "$(TARGET_NAME)";
				SWIFT_EMIT_LOC_STRINGS = YES;
				SWIFT_VERSION = 5.0;
				TARGETED_DEVICE_FAMILY = "1,2";
			};
			name = Debug;
		};
		E4ED736B2AA69E1F003E1B11 /* Release */ = {
			isa = XCBuildConfiguration;
			baseConfigurationReference = 23296C8DA7F4126CBE9C3E58 /* Pods-bingball.release.xcconfig */;
			buildSettings = {
				ASSETCATALOG_COMPILER_APPICON_NAME = AppIcon;
				ASSETCATALOG_COMPILER_GLOBAL_ACCENT_COLOR_NAME = AccentColor;
				CODE_SIGN_STYLE = Automatic;
				CURRENT_PROJECT_VERSION = 1;
				DEVELOPMENT_ASSET_PATHS = "\"bingball/Preview Content\"";
				ENABLE_PREVIEWS = YES;
				GENERATE_INFOPLIST_FILE = YES;
				INFOPLIST_FILE = bingball/Info.plist;
				INFOPLIST_KEY_UIApplicationSceneManifest_Generation = YES;
				INFOPLIST_KEY_UIApplicationSupportsIndirectInputEvents = YES;
				INFOPLIST_KEY_UILaunchScreen_Generation = YES;
				INFOPLIST_KEY_UISupportedInterfaceOrientations_iPad = "UIInterfaceOrientationPortrait UIInterfaceOrientationPortraitUpsideDown UIInterfaceOrientationLandscapeLeft UIInterfaceOrientationLandscapeRight";
				INFOPLIST_KEY_UISupportedInterfaceOrientations_iPhone = "UIInterfaceOrientationPortrait UIInterfaceOrientationLandscapeLeft UIInterfaceOrientationLandscapeRight";
				LD_RUNPATH_SEARCH_PATHS = (
					"$(inherited)",
					"@executable_path/Frameworks",
				);
				MARKETING_VERSION = 1.0;
				PRODUCT_BUNDLE_IDENTIFIER = com.ranazang.bingball;
				PRODUCT_NAME = "$(TARGET_NAME)";
				SWIFT_EMIT_LOC_STRINGS = YES;
				SWIFT_VERSION = 5.0;
				TARGETED_DEVICE_FAMILY = "1,2";
			};
			name = Release;
		};
		E4ED736D2AA69E1F003E1B11 /* Debug */ = {
			isa = XCBuildConfiguration;
			baseConfigurationReference = C202D65163A53B05F0DD4E9B /* Pods-bingballTests.debug.xcconfig */;
			buildSettings = {
				ALWAYS_EMBED_SWIFT_STANDARD_LIBRARIES = YES;
				BUNDLE_LOADER = "$(TEST_HOST)";
				CODE_SIGN_STYLE = Automatic;
				CURRENT_PROJECT_VERSION = 1;
				GENERATE_INFOPLIST_FILE = YES;
				IPHONEOS_DEPLOYMENT_TARGET = 16.1;
				MARKETING_VERSION = 1.0;
				PRODUCT_BUNDLE_IDENTIFIER = com.ranazang.bingballTests;
				PRODUCT_NAME = "$(TARGET_NAME)";
				SWIFT_EMIT_LOC_STRINGS = NO;
				SWIFT_VERSION = 5.0;
				TARGETED_DEVICE_FAMILY = "1,2";
				TEST_HOST = "$(BUILT_PRODUCTS_DIR)/bingball.app/$(BUNDLE_EXECUTABLE_FOLDER_PATH)/bingball";
			};
			name = Debug;
		};
		E4ED736E2AA69E1F003E1B11 /* Release */ = {
			isa = XCBuildConfiguration;
			baseConfigurationReference = 1154C1F5F51062867A2936D2 /* Pods-bingballTests.release.xcconfig */;
			buildSettings = {
				ALWAYS_EMBED_SWIFT_STANDARD_LIBRARIES = YES;
				BUNDLE_LOADER = "$(TEST_HOST)";
				CODE_SIGN_STYLE = Automatic;
				CURRENT_PROJECT_VERSION = 1;
				GENERATE_INFOPLIST_FILE = YES;
				IPHONEOS_DEPLOYMENT_TARGET = 16.1;
				MARKETING_VERSION = 1.0;
				PRODUCT_BUNDLE_IDENTIFIER = com.ranazang.bingballTests;
				PRODUCT_NAME = "$(TARGET_NAME)";
				SWIFT_EMIT_LOC_STRINGS = NO;
				SWIFT_VERSION = 5.0;
				TARGETED_DEVICE_FAMILY = "1,2";
				TEST_HOST = "$(BUILT_PRODUCTS_DIR)/bingball.app/$(BUNDLE_EXECUTABLE_FOLDER_PATH)/bingball";
			};
			name = Release;
		};
		E4ED73702AA69E1F003E1B11 /* Debug */ = {
			isa = XCBuildConfiguration;
			baseConfigurationReference = 0A03C59ACEB8A065F7C41358 /* Pods-bingball-bingballUITests.debug.xcconfig */;
			buildSettings = {
				ALWAYS_EMBED_SWIFT_STANDARD_LIBRARIES = YES;
				CODE_SIGN_STYLE = Automatic;
				CURRENT_PROJECT_VERSION = 1;
				GENERATE_INFOPLIST_FILE = YES;
				MARKETING_VERSION = 1.0;
				PRODUCT_BUNDLE_IDENTIFIER = com.ranazang.bingballUITests;
				PRODUCT_NAME = "$(TARGET_NAME)";
				SWIFT_EMIT_LOC_STRINGS = NO;
				SWIFT_VERSION = 5.0;
				TARGETED_DEVICE_FAMILY = "1,2";
				TEST_TARGET_NAME = bingball;
			};
			name = Debug;
		};
		E4ED73712AA69E1F003E1B11 /* Release */ = {
			isa = XCBuildConfiguration;
			baseConfigurationReference = D0BEDEF8B712CEA5D2D13678 /* Pods-bingball-bingballUITests.release.xcconfig */;
			buildSettings = {
				ALWAYS_EMBED_SWIFT_STANDARD_LIBRARIES = YES;
				CODE_SIGN_STYLE = Automatic;
				CURRENT_PROJECT_VERSION = 1;
				GENERATE_INFOPLIST_FILE = YES;
				MARKETING_VERSION = 1.0;
				PRODUCT_BUNDLE_IDENTIFIER = com.ranazang.bingballUITests;
				PRODUCT_NAME = "$(TARGET_NAME)";
				SWIFT_EMIT_LOC_STRINGS = NO;
				SWIFT_VERSION = 5.0;
				TARGETED_DEVICE_FAMILY = "1,2";
				TEST_TARGET_NAME = bingball;
			};
			name = Release;
		};
/* End XCBuildConfiguration section */

/* Begin XCConfigurationList section */
		E460648B2AA800E1008F4BCE /* Build configuration list for PBXNativeTarget "bingball-dev" */ = {
			isa = XCConfigurationList;
			buildConfigurations = (
				E460648C2AA800E1008F4BCE /* Debug */,
				E460648D2AA800E1008F4BCE /* Release */,
			);
			defaultConfigurationIsVisible = 0;
			defaultConfigurationName = Release;
		};
		E4ED73402AA69E1E003E1B11 /* Build configuration list for PBXProject "bingball" */ = {
			isa = XCConfigurationList;
			buildConfigurations = (
				E4ED73672AA69E1F003E1B11 /* Debug */,
				E4ED73682AA69E1F003E1B11 /* Release */,
			);
			defaultConfigurationIsVisible = 0;
			defaultConfigurationName = Release;
		};
		E4ED73692AA69E1F003E1B11 /* Build configuration list for PBXNativeTarget "bingball" */ = {
			isa = XCConfigurationList;
			buildConfigurations = (
				E4ED736A2AA69E1F003E1B11 /* Debug */,
				E4ED736B2AA69E1F003E1B11 /* Release */,
			);
			defaultConfigurationIsVisible = 0;
			defaultConfigurationName = Release;
		};
		E4ED736C2AA69E1F003E1B11 /* Build configuration list for PBXNativeTarget "bingballTests" */ = {
			isa = XCConfigurationList;
			buildConfigurations = (
				E4ED736D2AA69E1F003E1B11 /* Debug */,
				E4ED736E2AA69E1F003E1B11 /* Release */,
			);
			defaultConfigurationIsVisible = 0;
			defaultConfigurationName = Release;
		};
		E4ED736F2AA69E1F003E1B11 /* Build configuration list for PBXNativeTarget "bingballUITests" */ = {
			isa = XCConfigurationList;
			buildConfigurations = (
				E4ED73702AA69E1F003E1B11 /* Debug */,
				E4ED73712AA69E1F003E1B11 /* Release */,
			);
			defaultConfigurationIsVisible = 0;
			defaultConfigurationName = Release;
		};
/* End XCConfigurationList section */
	};
	rootObject = E4ED733D2AA69E1E003E1B11 /* Project object */;
}
